
Microsoft Visual Studio Solution File, Format Version 12.00
Project("{FAE04EC0-301F-11D3-BF4B-00C04F79EFBC}") = "Task1", "Task1\Task1.csproj", "{AFA82340-268A-48FF-8EE8-6E956D5C3793}"
EndProject
Project("{FAE04EC0-301F-11D3-BF4B-00C04F79EFBC}") = "Task2", "Task2\Task2.csproj", "{8016A644-6A74-4607-9998-DFD69639AFE5}"
EndProject
Project("{FAE04EC0-301F-11D3-BF4B-00C04F79EFBC}") = "Task3", "Task3\Task3.csproj", "{BBEF97FE-CE87-4A37-A5FA-30963858D1DB}"
EndProject
Project("{FAE04EC0-301F-11D3-BF4B-00C04F79EFBC}") = "Task4", "Task4\Task4.csproj", "{82C9F56E-8251-4737-BD1B-50F29CFB790D}"
EndProject
Project("{FAE04EC0-301F-11D3-BF4B-00C04F79EFBC}") = "Task5", "Task5\Task5.csproj", "{01C1B671-6D2F-4D6D-8A5C-82CB7B3F042D}"
EndProject
Project("{FAE04EC0-301F-11D3-BF4B-00C04F79EFBC}") = "Task6", "Task6\Task6.csproj", "{C4BDBAC7-6938-49C3-9B15-DA11C7166728}"
EndProject
Global
	GlobalSection(SolutionConfigurationPlatforms) = preSolution
		Debug|Any CPU = Debug|Any CPU
		Release|Any CPU = Release|Any CPU
	EndGlobalSection
	GlobalSection(ProjectConfigurationPlatforms) = postSolution
		{AFA82340-268A-48FF-8EE8-6E956D5C3793}.Debug|Any CPU.ActiveCfg = Debug|Any CPU
		{AFA82340-268A-48FF-8EE8-6E956D5C3793}.Debug|Any CPU.Build.0 = Debug|Any CPU
		{AFA82340-268A-48FF-8EE8-6E956D5C3793}.Release|Any CPU.ActiveCfg = Release|Any CPU
		{AFA82340-268A-48FF-8EE8-6E956D5C3793}.Release|Any CPU.Build.0 = Release|Any CPU
		{8016A644-6A74-4607-9998-DFD69639AFE5}.Debug|Any CPU.ActiveCfg = Debug|Any CPU
		{8016A644-6A74-4607-9998-DFD69639AFE5}.Debug|Any CPU.Build.0 = Debug|Any CPU
		{8016A644-6A74-4607-9998-DFD69639AFE5}.Release|Any CPU.ActiveCfg = Release|Any CPU
		{8016A644-6A74-4607-9998-DFD69639AFE5}.Release|Any CPU.Build.0 = Release|Any CPU
		{BBEF97FE-CE87-4A37-A5FA-30963858D1DB}.Debug|Any CPU.ActiveCfg = Debug|Any CPU
		{BBEF97FE-CE87-4A37-A5FA-30963858D1DB}.Debug|Any CPU.Build.0 = Debug|Any CPU
		{BBEF97FE-CE87-4A37-A5FA-30963858D1DB}.Release|Any CPU.ActiveCfg = Release|Any CPU
		{BBEF97FE-CE87-4A37-A5FA-30963858D1DB}.Release|Any CPU.Build.0 = Release|Any CPU
		{82C9F56E-8251-4737-BD1B-50F29CFB790D}.Debug|Any CPU.ActiveCfg = Debug|Any CPU
		{82C9F56E-8251-4737-BD1B-50F29CFB790D}.Debug|Any CPU.Build.0 = Debug|Any CPU
		{82C9F56E-8251-4737-BD1B-50F29CFB790D}.Release|Any CPU.ActiveCfg = Release|Any CPU
		{82C9F56E-8251-4737-BD1B-50F29CFB790D}.Release|Any CPU.Build.0 = Release|Any CPU
		{01C1B671-6D2F-4D6D-8A5C-82CB7B3F042D}.Debug|Any CPU.ActiveCfg = Debug|Any CPU
		{01C1B671-6D2F-4D6D-8A5C-82CB7B3F042D}.Debug|Any CPU.Build.0 = Debug|Any CPU
		{01C1B671-6D2F-4D6D-8A5C-82CB7B3F042D}.Release|Any CPU.ActiveCfg = Release|Any CPU
		{01C1B671-6D2F-4D6D-8A5C-82CB7B3F042D}.Release|Any CPU.Build.0 = Release|Any CPU
		{C4BDBAC7-6938-49C3-9B15-DA11C7166728}.Debug|Any CPU.ActiveCfg = Debug|Any CPU
		{C4BDBAC7-6938-49C3-9B15-DA11C7166728}.Debug|Any CPU.Build.0 = Debug|Any CPU
		{C4BDBAC7-6938-49C3-9B15-DA11C7166728}.Release|Any CPU.ActiveCfg = Release|Any CPU
		{C4BDBAC7-6938-49C3-9B15-DA11C7166728}.Release|Any CPU.Build.0 = Release|Any CPU
	EndGlobalSection
EndGlobal
